# THIS IS AN AUTOGENERATED FILE. DO NOT EDIT THIS FILE DIRECTLY.
# yarn lockfile v1


async-limiter@^1.0.0:
  version "1.0.0"
  resolved "https://registry.yarnpkg.com/async-limiter/-/async-limiter-1.0.0.tgz#78faed8c3d074ab81f22b4e985d79e8738f720f8"
  integrity sha512-jp/uFnooOiO+L211eZOoSyzpOITMXx1rBITauYykG3BRYPu8h0UcxsPNB04RR5vo4Tyz3+ay17tR6JVf9qzYWg==

secure-random-string@^1.1.0:
  version "1.1.0"
  resolved "https://registry.yarnpkg.com/secure-random-string/-/secure-random-string-1.1.0.tgz#c47d2f20b6d93db1255edb4dadf5e03188ab978e"
  integrity sha512-V/h8jqoz58zklNGybVhP++cWrxEPXlLM/6BeJ4e0a8zlb4BsbYRzFs16snrxByPa5LUxCVTD3M6EYIVIHR1fAg==

ws@^7.0.0:
  version "7.0.0"
  resolved "https://registry.yarnpkg.com/ws/-/ws-7.0.0.tgz#79351cbc3f784b3c20d0821baf4b4ff809ffbf51"
  integrity sha512-cknCal4k0EAOrh1SHHPPWWh4qm93g1IuGGGwBjWkXmCG7LsDtL8w9w+YVfaF+KSVwiHQKDIMsSLBVftKf9d1pg==
  dependencies:
    async-limiter "^1.0.0"
