# THIS IS AN AUTOGENERATED FILE. DO NOT EDIT THIS FILE DIRECTLY.
# yarn lockfile v1


secure-random-string@^1.1.0:
  version "1.1.0"
  resolved "https://registry.yarnpkg.com/secure-random-string/-/secure-random-string-1.1.0.tgz#c47d2f20b6d93db1255edb4dadf5e03188ab978e"
  integrity sha512-V/h8jqoz58zklNGybVhP++cWrxEPXlLM/6BeJ4e0a8zlb4BsbYRzFs16snrxByPa5LUxCVTD3M6EYIVIHR1fAg==

ws@^7.4.6:
  version "7.4.6"
  resolved "https://registry.yarnpkg.com/ws/-/ws-7.4.6.tgz#5654ca8ecdeee47c33a9a4bf6d28e2be2980377c"
  integrity sha512-YmhHDO4MzaDLB+M9ym/mDA5z0naX8j7SIlT8f8z+I0VtzsRbekxEutHSme7NPS2qE8StCYQNUnfWdXta/Yu85A==
